<?xml version="1.0" encoding="utf-8"?>
<Project ToolsVersion="4.0" xmlns="http://schemas.microsoft.com/developer/msbuild/2003">
  <ItemGroup>
    <Filter Include="Platform">
      <UniqueIdentifier>{2AC788B4-1694-E3BF-3FAD-D1672BD9184E}</UniqueIdentifier>
    </Filter>
    <Filter Include="Platform\Windows">
      <UniqueIdentifier>{64FBD71A-50F4-F66C-7926-DCF1657ED678}</UniqueIdentifier>
    </Filter>
    <Filter Include="Presto">
      <UniqueIdentifier>{62FBC3CA-4E9D-EEA0-3758-02F5239975F1}</UniqueIdentifier>
    </Filter>
    <Filter Include="Presto\Core">
      <UniqueIdentifier>{FA8C8B63-6642-0459-EF36-FE2F5BEBFA5C}</UniqueIdentifier>
    </Filter>
    <Filter Include="Presto\Events">
      <UniqueIdentifier>{06C5C479-7285-40B0-3BC0-892DA73F858C}</UniqueIdentifier>
    </Filter>
  </ItemGroup>
  <ItemGroup>
    <ClInclude Include="src\Platform\Windows\Window.h">
      <Filter>Platform\Windows</Filter>
    </ClInclude>
    <ClInclude Include="src\Presto.h" />
    <ClInclude Include="src\Presto\Core\Application.h">
      <Filter>Presto\Core</Filter>
    </ClInclude>
    <ClInclude Include="src\Presto\Core\Core.h">
      <Filter>Presto\Core</Filter>
    </ClInclude>
    <ClInclude Include="src\Presto\Core\EntryPoint.h">
      <Filter>Presto\Core</Filter>
    </ClInclude>
    <ClInclude Include="src\Presto\Core\IWindow.h">
      <Filter>Presto\Core</Filter>
    </ClInclude>
    <ClInclude Include="src\Presto\Events\ApplicationEvent.h">
      <Filter>Presto\Events</Filter>
    </ClInclude>
    <ClInclude Include="src\Presto\Events\IEvent.h">
      <Filter>Presto\Events</Filter>
    </ClInclude>
    <ClInclude Include="src\prestopch.h" />
  </ItemGroup>
  <ItemGroup>
    <ClCompile Include="src\Platform\Windows\Window.cpp">
      <Filter>Platform\Windows</Filter>
    </ClCompile>
    <ClCompile Include="src\Presto\Core\Application.cpp">
      <Filter>Presto\Core</Filter>
    </ClCompile>
    <ClCompile Include="src\prestopch.cpp" />
  </ItemGroup>
</Project>