<?xml version="1.0" encoding="utf-8"?>
<Project ToolsVersion="4.0" xmlns="http://schemas.microsoft.com/developer/msbuild/2003">
  <ItemGroup>
    <Filter Include="Presto">
      <UniqueIdentifier>{62FBC3CA-4E9D-EEA0-3758-02F5239975F1}</UniqueIdentifier>
    </Filter>
    <Filter Include="Presto\Events">
      <UniqueIdentifier>{06C5C479-7285-40B0-3BC0-892DA73F858C}</UniqueIdentifier>
    </Filter>
  </ItemGroup>
  <ItemGroup>
    <ClInclude Include="src\Presto.h" />
    <ClInclude Include="src\Presto\Events\ApplicationEvent.h">
      <Filter>Presto\Events</Filter>
    </ClInclude>
    <ClInclude Include="src\Presto\Events\IEvent.h">
      <Filter>Presto\Events</Filter>
    </ClInclude>
    <ClInclude Include="src\prestopch.h" />
    <ClInclude Include="src\Presto\Core\Application.h" />
    <ClInclude Include="src\Presto\Core\Core.h" />
    <ClInclude Include="src\Presto\Core\EntryPoint.h" />
    <ClInclude Include="src\Presto\Core\IWindow.h" />
    <ClInclude Include="src\Platform\Windows\Window.h" />
  </ItemGroup>
  <ItemGroup>
    <ClCompile Include="src\prestopch.cpp" />
    <ClCompile Include="src\Presto\Core\Application.cpp" />
    <ClCompile Include="src\Platform\Windows\Window.cpp" />
  </ItemGroup>
</Project>